
Microsoft Visual Studio Solution File, Format Version 12.00
# Visual Studio 15
VisualStudioVersion = 15.0.28010.2050
MinimumVisualStudioVersion = 10.0.40219.1
Project("{FAE04EC0-301F-11D3-BF4B-00C04F79EFBC}") = "DatabaseConnection", "DatabaseConnection\DatabaseConnection.csproj", "{0657AB5B-2804-49B6-9B16-5644CD28E6F5}"
EndProject
Global
	GlobalSection(SolutionConfigurationPlatforms) = preSolution
		Debug|Any CPU = Debug|Any CPU
		Release|Any CPU = Release|Any CPU
	EndGlobalSection
	GlobalSection(ProjectConfigurationPlatforms) = postSolution
		{0657AB5B-2804-49B6-9B16-5644CD28E6F5}.Debug|Any CPU.ActiveCfg = Debug|Any CPU
		{0657AB5B-2804-49B6-9B16-5644CD28E6F5}.Debug|Any CPU.Build.0 = Debug|Any CPU
		{0657AB5B-2804-49B6-9B16-5644CD28E6F5}.Release|Any CPU.ActiveCfg = Release|Any CPU
		{0657AB5B-2804-49B6-9B16-5644CD28E6F5}.Release|Any CPU.Build.0 = Release|Any CPU
	EndGlobalSection
	GlobalSection(SolutionProperties) = preSolution
		HideSolutionNode = FALSE
	EndGlobalSection
	GlobalSection(ExtensibilityGlobals) = postSolution
		SolutionGuid = {AEAC52E8-E54B-4BC0-9593-A04FF2429467}
	EndGlobalSection
EndGlobal
